
Microsoft Visual Studio Solution File, Format Version 12.00
Project("{FAE04EC0-301F-11D3-BF4B-00C04F79EFBC}") = "WorkdayCalendar", "WorkdayCalendar\WorkdayCalendar.csproj", "{D2025CC2-0622-4FC8-A536-0281D40B4237}"
EndProject
Project("{FAE04EC0-301F-11D3-BF4B-00C04F79EFBC}") = "WorkdayCalendar.Presentation", "WorkdayCalendar.Presentation\WorkdayCalendar.Presentation.csproj", "{C0A898E7-8425-4E0E-9298-FAFDF38037AD}"
EndProject
Project("{FAE04EC0-301F-11D3-BF4B-00C04F79EFBC}") = "WorkdayCalculator.Tests", "WorkdayCalculator.Tests\WorkdayCalculator.Tests.csproj", "{EEB34BA8-2D64-4358-A00F-3A3A2ACEE609}"
EndProject
Global
	GlobalSection(SolutionConfigurationPlatforms) = preSolution
		Debug|Any CPU = Debug|Any CPU
		Release|Any CPU = Release|Any CPU
	EndGlobalSection
	GlobalSection(ProjectConfigurationPlatforms) = postSolution
		{D2025CC2-0622-4FC8-A536-0281D40B4237}.Debug|Any CPU.ActiveCfg = Debug|Any CPU
		{D2025CC2-0622-4FC8-A536-0281D40B4237}.Debug|Any CPU.Build.0 = Debug|Any CPU
		{D2025CC2-0622-4FC8-A536-0281D40B4237}.Release|Any CPU.ActiveCfg = Release|Any CPU
		{D2025CC2-0622-4FC8-A536-0281D40B4237}.Release|Any CPU.Build.0 = Release|Any CPU
		{C0A898E7-8425-4E0E-9298-FAFDF38037AD}.Debug|Any CPU.ActiveCfg = Debug|Any CPU
		{C0A898E7-8425-4E0E-9298-FAFDF38037AD}.Debug|Any CPU.Build.0 = Debug|Any CPU
		{C0A898E7-8425-4E0E-9298-FAFDF38037AD}.Release|Any CPU.ActiveCfg = Release|Any CPU
		{C0A898E7-8425-4E0E-9298-FAFDF38037AD}.Release|Any CPU.Build.0 = Release|Any CPU
		{EEB34BA8-2D64-4358-A00F-3A3A2ACEE609}.Debug|Any CPU.ActiveCfg = Debug|Any CPU
		{EEB34BA8-2D64-4358-A00F-3A3A2ACEE609}.Debug|Any CPU.Build.0 = Debug|Any CPU
		{EEB34BA8-2D64-4358-A00F-3A3A2ACEE609}.Release|Any CPU.ActiveCfg = Release|Any CPU
		{EEB34BA8-2D64-4358-A00F-3A3A2ACEE609}.Release|Any CPU.Build.0 = Release|Any CPU
	EndGlobalSection
EndGlobal
